
Microsoft Visual Studio Solution File, Format Version 12.00
# Visual Studio 15
Project("{FAE04EC0-301F-11D3-BF4B-00C04F79EFBC}") = "Assembly-CSharp", "Assembly-CSharp.csproj", "{B9CFF806-746B-336B-D154-B03CD8C50415}"
EndProject
Project("{FAE04EC0-301F-11D3-BF4B-00C04F79EFBC}") = "Assembly-CSharp-Editor", "Assembly-CSharp-Editor.csproj", "{034422F6-D063-16CC-73A8-7EE08F838426}"
EndProject
Global
	GlobalSection(SolutionConfigurationPlatforms) = preSolution
		Debug|Any CPU = Debug|Any CPU
		Release|Any CPU = Release|Any CPU
	EndGlobalSection
	GlobalSection(ProjectConfigurationPlatforms) = postSolution
		{B9CFF806-746B-336B-D154-B03CD8C50415}.Debug|Any CPU.ActiveCfg = Debug|Any CPU
		{B9CFF806-746B-336B-D154-B03CD8C50415}.Debug|Any CPU.Build.0 = Debug|Any CPU
		{B9CFF806-746B-336B-D154-B03CD8C50415}.Release|Any CPU.ActiveCfg = Release|Any CPU
		{B9CFF806-746B-336B-D154-B03CD8C50415}.Release|Any CPU.Build.0 = Release|Any CPU
		{034422F6-D063-16CC-73A8-7EE08F838426}.Debug|Any CPU.ActiveCfg = Debug|Any CPU
		{034422F6-D063-16CC-73A8-7EE08F838426}.Debug|Any CPU.Build.0 = Debug|Any CPU
		{034422F6-D063-16CC-73A8-7EE08F838426}.Release|Any CPU.ActiveCfg = Release|Any CPU
		{034422F6-D063-16CC-73A8-7EE08F838426}.Release|Any CPU.Build.0 = Release|Any CPU
	EndGlobalSection
	GlobalSection(SolutionProperties) = preSolution
		HideSolutionNode = FALSE
	EndGlobalSection
EndGlobal
